
Microsoft Visual Studio Solution File, Format Version 12.00
# Visual Studio Version 16
VisualStudioVersion = 16.0.30114.105
MinimumVisualStudioVersion = 10.0.40219.1
Project("{FAE04EC0-301F-11D3-BF4B-00C04F79EFBC}") = "nopLocalizationHelper", "nopLocalizationHelper\nopLocalizationHelper.csproj", "{B09F6AA2-F7B1-4721-B8A6-597F4D9F1DF9}"
EndProject
Global
	GlobalSection(SolutionConfigurationPlatforms) = preSolution
		Debug|Any CPU = Debug|Any CPU
		Release|Any CPU = Release|Any CPU
	EndGlobalSection
	GlobalSection(ProjectConfigurationPlatforms) = postSolution
		{B09F6AA2-F7B1-4721-B8A6-597F4D9F1DF9}.Debug|Any CPU.ActiveCfg = Debug|Any CPU
		{B09F6AA2-F7B1-4721-B8A6-597F4D9F1DF9}.Debug|Any CPU.Build.0 = Debug|Any CPU
		{B09F6AA2-F7B1-4721-B8A6-597F4D9F1DF9}.Release|Any CPU.ActiveCfg = Release|Any CPU
		{B09F6AA2-F7B1-4721-B8A6-597F4D9F1DF9}.Release|Any CPU.Build.0 = Release|Any CPU
	EndGlobalSection
	GlobalSection(SolutionProperties) = preSolution
		HideSolutionNode = FALSE
	EndGlobalSection
	GlobalSection(ExtensibilityGlobals) = postSolution
		SolutionGuid = {65F2B740-2AF1-49B7-819E-40434EA016BF}
	EndGlobalSection
EndGlobal
